
Microsoft Visual Studio Solution File, Format Version 12.00
# Visual Studio Version 17
VisualStudioVersion = 17.10.34928.147
MinimumVisualStudioVersion = 10.0.40219.1
Project("{FAE04EC0-301F-11D3-BF4B-00C04F79EFBC}") = "EmployeePairs", "EmployeePairs\EmployeePairs.csproj", "{15B208D3-ED20-4284-B925-5B5FB82A7F69}"
EndProject
Global
	GlobalSection(SolutionConfigurationPlatforms) = preSolution
		Debug|Any CPU = Debug|Any CPU
		Release|Any CPU = Release|Any CPU
	EndGlobalSection
	GlobalSection(ProjectConfigurationPlatforms) = postSolution
		{15B208D3-ED20-4284-B925-5B5FB82A7F69}.Debug|Any CPU.ActiveCfg = Debug|Any CPU
		{15B208D3-ED20-4284-B925-5B5FB82A7F69}.Debug|Any CPU.Build.0 = Debug|Any CPU
		{15B208D3-ED20-4284-B925-5B5FB82A7F69}.Release|Any CPU.ActiveCfg = Release|Any CPU
		{15B208D3-ED20-4284-B925-5B5FB82A7F69}.Release|Any CPU.Build.0 = Release|Any CPU
	EndGlobalSection
	GlobalSection(SolutionProperties) = preSolution
		HideSolutionNode = FALSE
	EndGlobalSection
	GlobalSection(ExtensibilityGlobals) = postSolution
		SolutionGuid = {DAF97DEF-C1EC-480C-8FD2-151A69B499BD}
	EndGlobalSection
EndGlobal
